
Microsoft Visual Studio Solution File, Format Version 12.00
# Visual Studio Version 16
VisualStudioVersion = 16.0.30503.244
MinimumVisualStudioVersion = 10.0.40219.1
Project("{888888A0-9F3D-457C-B088-3A5042F75D52}") = "SocketApp", "SocketApp.pyproj", "{BE91E087-FFCE-4792-A3A3-1A8588B5CB46}"
EndProject
Global
	GlobalSection(SolutionConfigurationPlatforms) = preSolution
		Debug|Any CPU = Debug|Any CPU
		Release|Any CPU = Release|Any CPU
	EndGlobalSection
	GlobalSection(ProjectConfigurationPlatforms) = postSolution
		{BE91E087-FFCE-4792-A3A3-1A8588B5CB46}.Debug|Any CPU.ActiveCfg = Debug|Any CPU
		{BE91E087-FFCE-4792-A3A3-1A8588B5CB46}.Release|Any CPU.ActiveCfg = Release|Any CPU
	EndGlobalSection
	GlobalSection(SolutionProperties) = preSolution
		HideSolutionNode = FALSE
	EndGlobalSection
	GlobalSection(ExtensibilityGlobals) = postSolution
		SolutionGuid = {58EF7F9A-51BD-48BF-B447-E647FB7990C4}
	EndGlobalSection
EndGlobal
